<?xml version="1.0" encoding="utf-8"?>
<Project ToolsVersion="4.0" xmlns="http://schemas.microsoft.com/developer/msbuild/2003">
  <ItemGroup>
    <Filter Include="source">
      <UniqueIdentifier>{4FC737F1-C7A5-4376-A066-2A32D752A2FF}</UniqueIdentifier>
      <Extensions>cpp;c;cc;cxx;def;odl;idl;hpj;bat;asm;asmx</Extensions>
    </Filter>
    <Filter Include="source\core">
      <UniqueIdentifier>{e49cc0c8-cf9d-430b-ab49-f897a1f5e210}</UniqueIdentifier>
    </Filter>
    <Filter Include="source\engine">
      <UniqueIdentifier>{ced633e3-5678-484b-99fd-f50e5b4392f6}</UniqueIdentifier>
    </Filter>
    <Filter Include="source\engine\renderer">
      <UniqueIdentifier>{bab720d4-e319-4012-9278-bbe710626dce}</UniqueIdentifier>
    </Filter>
    <Filter Include="shaders">
      <UniqueIdentifier>{0eda7a43-4f02-449b-ac10-94a0500c7556}</UniqueIdentifier>
    </Filter>
    <Filter Include="source\engine\input">
      <UniqueIdentifier>{244ff7f9-8260-46fc-be14-0b2fdd2c0288}</UniqueIdentifier>
    </Filter>
    <Filter Include="source\engine\math">
      <UniqueIdentifier>{568f77c9-ef3b-47fd-bb52-fb9dfad8f275}</UniqueIdentifier>
    </Filter>
    <Filter Include="external">
      <UniqueIdentifier>{8bd007e3-f688-4f67-a45d-01b416a05e57}</UniqueIdentifier>
    </Filter>
    <Filter Include="source\framework">
      <UniqueIdentifier>{f703e9d8-bad9-453c-8792-568ab1f5f524}</UniqueIdentifier>
    </Filter>
    <Filter Include="source\engine\framework">
      <UniqueIdentifier>{dccc2826-159e-49bf-9361-2bd52ced219b}</UniqueIdentifier>
    </Filter>
    <Filter Include="source\game">
      <UniqueIdentifier>{c3c25d49-e4a9-4296-96cb-3b16211eab53}</UniqueIdentifier>
    </Filter>
  </ItemGroup>
  <ItemGroup>
    <ClCompile Include="core\assert.cpp">
      <Filter>source\core</Filter>
    </ClCompile>
    <ClCompile Include="core\filesystem.cpp">
      <Filter>source\core</Filter>
    </ClCompile>
    <ClCompile Include="core\heap.cpp">
      <Filter>source\core</Filter>
    </ClCompile>
    <ClCompile Include="core\json.cpp">
      <Filter>source\core</Filter>
    </ClCompile>
    <ClCompile Include="core\memory.cpp">
      <Filter>source\core</Filter>
    </ClCompile>
    <ClCompile Include="core\name.cpp">
      <Filter>source\core</Filter>
    </ClCompile>
    <ClCompile Include="core\random.cpp">
      <Filter>source\core</Filter>
    </ClCompile>
    <ClCompile Include="core\string.cpp">
      <Filter>source\core</Filter>
    </ClCompile>
    <ClCompile Include="core\timer.cpp">
      <Filter>source\core</Filter>
    </ClCompile>
    <ClCompile Include="engine\renderer\program.cpp">
      <Filter>source\engine\renderer</Filter>
    </ClCompile>
    <ClCompile Include="engine\renderer\renderer.cpp">
      <Filter>source\engine\renderer</Filter>
    </ClCompile>
    <ClCompile Include="engine\input\input.cpp">
      <Filter>source\engine\input</Filter>
    </ClCompile>
    <ClCompile Include="engine\renderer\vertex_array.cpp">
      <Filter>source\engine\renderer</Filter>
    </ClCompile>
    <ClCompile Include="engine\renderer\vertex_index_array.cpp">
      <Filter>source\engine\renderer</Filter>
    </ClCompile>
    <ClCompile Include="engine\renderer\texture.cpp">
      <Filter>source\engine\renderer</Filter>
    </ClCompile>
    <ClCompile Include="engine\renderer\light.cpp">
      <Filter>source\engine\renderer</Filter>
    </ClCompile>
    <ClCompile Include="engine\renderer\material.cpp">
      <Filter>source\engine\renderer</Filter>
    </ClCompile>
    <ClCompile Include="engine\renderer\mesh.cpp">
      <Filter>source\engine\renderer</Filter>
    </ClCompile>
    <ClCompile Include="engine\math\math.cpp">
      <Filter>source\engine\math</Filter>
    </ClCompile>
    <ClCompile Include="engine\renderer\gui.cpp">
      <Filter>source\engine\renderer</Filter>
    </ClCompile>
    <ClCompile Include="..\external\glad\src\glad.c">
      <Filter>external</Filter>
    </ClCompile>
    <ClCompile Include="engine\renderer\model.cpp">
      <Filter>source\engine\renderer</Filter>
    </ClCompile>
    <ClCompile Include="..\external\imgui\imgui.cpp">
      <Filter>external</Filter>
    </ClCompile>
    <ClCompile Include="..\external\imgui\imgui_draw.cpp">
      <Filter>external</Filter>
    </ClCompile>
    <ClCompile Include="..\external\imgui\imgui_widgets.cpp">
      <Filter>external</Filter>
    </ClCompile>
    <ClCompile Include="..\external\imgui\examples\imgui_impl_opengl3.cpp">
      <Filter>external</Filter>
    </ClCompile>
    <ClCompile Include="..\external\imgui\examples\imgui_impl_sdl.cpp">
      <Filter>external</Filter>
    </ClCompile>
    <ClCompile Include="engine\math\transform.cpp">
      <Filter>source\engine\math</Filter>
    </ClCompile>
    <ClCompile Include="engine\renderer\camera.cpp">
      <Filter>source\engine\renderer</Filter>
    </ClCompile>
    <ClCompile Include="engine\engine.cpp">
      <Filter>source\engine</Filter>
    </ClCompile>
    <ClCompile Include="game\main.cpp">
      <Filter>source\game</Filter>
    </ClCompile>
    <ClCompile Include="game\game_scene.cpp">
      <Filter>source\game</Filter>
    </ClCompile>
  </ItemGroup>
  <ItemGroup>
    <ClInclude Include="core\assert.h">
      <Filter>source\core</Filter>
    </ClInclude>
    <ClInclude Include="core\core.h">
      <Filter>source\core</Filter>
    </ClInclude>
    <ClInclude Include="core\filesystem.h">
      <Filter>source\core</Filter>
    </ClInclude>
    <ClInclude Include="core\handle.h">
      <Filter>source\core</Filter>
    </ClInclude>
    <ClInclude Include="core\heap.h">
      <Filter>source\core</Filter>
    </ClInclude>
    <ClInclude Include="core\json.h">
      <Filter>source\core</Filter>
    </ClInclude>
    <ClInclude Include="core\memory.h">
      <Filter>source\core</Filter>
    </ClInclude>
    <ClInclude Include="core\name.h">
      <Filter>source\core</Filter>
    </ClInclude>
    <ClInclude Include="core\pool_allocator.h">
      <Filter>source\core</Filter>
    </ClInclude>
    <ClInclude Include="core\random.h">
      <Filter>source\core</Filter>
    </ClInclude>
    <ClInclude Include="core\ref_count.h">
      <Filter>source\core</Filter>
    </ClInclude>
    <ClInclude Include="core\ref_ptr.h">
      <Filter>source\core</Filter>
    </ClInclude>
    <ClInclude Include="core\reflection.h">
      <Filter>source\core</Filter>
    </ClInclude>
    <ClInclude Include="core\smart_ptr.h">
      <Filter>source\core</Filter>
    </ClInclude>
    <ClInclude Include="core\string.h">
      <Filter>source\core</Filter>
    </ClInclude>
    <ClInclude Include="core\timer.h">
      <Filter>source\core</Filter>
    </ClInclude>
    <ClInclude Include="core\types.h">
      <Filter>source\core</Filter>
    </ClInclude>
    <ClInclude Include="engine\renderer\program.h">
      <Filter>source\engine\renderer</Filter>
    </ClInclude>
    <ClInclude Include="engine\renderer\renderer.h">
      <Filter>source\engine\renderer</Filter>
    </ClInclude>
    <ClInclude Include="engine\input\input.h">
      <Filter>source\engine\input</Filter>
    </ClInclude>
    <ClInclude Include="engine\renderer\vertex_array.h">
      <Filter>source\engine\renderer</Filter>
    </ClInclude>
    <ClInclude Include="engine\renderer\vertex_index_array.h">
      <Filter>source\engine\renderer</Filter>
    </ClInclude>
    <ClInclude Include="engine\renderer\texture.h">
      <Filter>source\engine\renderer</Filter>
    </ClInclude>
    <ClInclude Include="engine\renderer\light.h">
      <Filter>source\engine\renderer</Filter>
    </ClInclude>
    <ClInclude Include="engine\renderer\material.h">
      <Filter>source\engine\renderer</Filter>
    </ClInclude>
    <ClInclude Include="engine\renderer\mesh.h">
      <Filter>source\engine\renderer</Filter>
    </ClInclude>
    <ClInclude Include="engine\math\math.h">
      <Filter>source\engine\math</Filter>
    </ClInclude>
    <ClInclude Include="engine\renderer\model.h">
      <Filter>source\engine\renderer</Filter>
    </ClInclude>
    <ClInclude Include="engine\renderer\gui.h">
      <Filter>source\engine\renderer</Filter>
    </ClInclude>
    <ClInclude Include="engine\renderer\camera.h">
      <Filter>source\engine\renderer</Filter>
    </ClInclude>
    <ClInclude Include="engine\math\transform.h">
      <Filter>source\engine\math</Filter>
    </ClInclude>
    <ClInclude Include="engine\framework\object.h">
      <Filter>source\engine\framework</Filter>
    </ClInclude>
    <ClInclude Include="engine\framework\actor.h">
      <Filter>source\engine\framework</Filter>
    </ClInclude>
    <ClInclude Include="engine\framework\scene.h">
      <Filter>source\engine\framework</Filter>
    </ClInclude>
    <ClInclude Include="engine\framework\system.h">
      <Filter>source\engine\framework</Filter>
    </ClInclude>
    <ClInclude Include="engine\framework\resource.h">
      <Filter>source\engine\framework</Filter>
    </ClInclude>
    <ClInclude Include="framework\factory.h">
      <Filter>source\framework</Filter>
    </ClInclude>
    <ClInclude Include="framework\object_manager.h">
      <Filter>source\framework</Filter>
    </ClInclude>
    <ClInclude Include="engine\def.h">
      <Filter>source\engine</Filter>
    </ClInclude>
    <ClInclude Include="engine\engine.h">
      <Filter>source\engine</Filter>
    </ClInclude>
    <ClInclude Include="game\game_scene.h">
      <Filter>source\game</Filter>
    </ClInclude>
  </ItemGroup>
  <ItemGroup>
    <None Include="builds\content\shaders\basic.vert">
      <Filter>shaders</Filter>
    </None>
    <None Include="builds\content\shaders\texture_unlit.frag">
      <Filter>shaders</Filter>
    </None>
    <None Include="builds\content\shaders\texture_unlit.vert">
      <Filter>shaders</Filter>
    </None>
    <None Include="builds\content\shaders\basic.frag">
      <Filter>shaders</Filter>
    </None>
    <None Include="builds\content\shaders\basic_lit.frag">
      <Filter>shaders</Filter>
    </None>
    <None Include="builds\content\shaders\basic_lit.vert">
      <Filter>shaders</Filter>
    </None>
    <None Include="builds\content\shaders\gouraud.frag">
      <Filter>shaders</Filter>
    </None>
    <None Include="builds\content\shaders\gouraud.vert">
      <Filter>shaders</Filter>
    </None>
    <None Include="builds\content\shaders\phong.frag">
      <Filter>shaders</Filter>
    </None>
    <None Include="builds\content\shaders\phong.vert">
      <Filter>shaders</Filter>
    </None>
    <None Include="builds\content\shaders\texture_phong.frag">
      <Filter>shaders</Filter>
    </None>
    <None Include="builds\content\shaders\texture_phong.vert">
      <Filter>shaders</Filter>
    </None>
    <None Include="builds\content\shaders\toon.frag">
      <Filter>shaders</Filter>
    </None>
    <None Include="builds\content\shaders\texture_phong_fog.frag">
      <Filter>shaders</Filter>
    </None>
    <None Include="builds\content\shaders\texture_phong_specular.frag">
      <Filter>shaders</Filter>
    </None>
  </ItemGroup>
</Project>